
Microsoft Visual Studio Solution File, Format Version 12.00
# Visual Studio Version 17
VisualStudioVersion = 17.8.34511.84
MinimumVisualStudioVersion = 10.0.40219.1
Project("{9A19103F-16F7-4668-BE54-9A1E7A4F7556}") = "ClimateBot.Models", "..\ClimateBot.Models\ClimateBot.Models.csproj", "{50421D39-1029-45E4-9830-273F2FE0FECE}"
EndProject
Project("{9A19103F-16F7-4668-BE54-9A1E7A4F7556}") = "ClimateBot.Services", "..\ClimateBot.Services\ClimateBot.Services.csproj", "{21A19ACE-A92B-4A28-8FDA-A0B4CD92936B}"
EndProject
Project("{9A19103F-16F7-4668-BE54-9A1E7A4F7556}") = "ClimateBot.Web", "..\ClimateBot.Web\ClimateBot.Web.csproj", "{FAA1E11D-3591-4B96-95A6-41801EADA5A8}"
EndProject
Global
	GlobalSection(SolutionConfigurationPlatforms) = preSolution
		Debug|Any CPU = Debug|Any CPU
		Release|Any CPU = Release|Any CPU
	EndGlobalSection
	GlobalSection(ProjectConfigurationPlatforms) = postSolution
		{50421D39-1029-45E4-9830-273F2FE0FECE}.Debug|Any CPU.ActiveCfg = Debug|Any CPU
		{50421D39-1029-45E4-9830-273F2FE0FECE}.Debug|Any CPU.Build.0 = Debug|Any CPU
		{50421D39-1029-45E4-9830-273F2FE0FECE}.Release|Any CPU.ActiveCfg = Release|Any CPU
		{50421D39-1029-45E4-9830-273F2FE0FECE}.Release|Any CPU.Build.0 = Release|Any CPU
		{21A19ACE-A92B-4A28-8FDA-A0B4CD92936B}.Debug|Any CPU.ActiveCfg = Debug|Any CPU
		{21A19ACE-A92B-4A28-8FDA-A0B4CD92936B}.Debug|Any CPU.Build.0 = Debug|Any CPU
		{21A19ACE-A92B-4A28-8FDA-A0B4CD92936B}.Release|Any CPU.ActiveCfg = Release|Any CPU
		{21A19ACE-A92B-4A28-8FDA-A0B4CD92936B}.Release|Any CPU.Build.0 = Release|Any CPU
		{FAA1E11D-3591-4B96-95A6-41801EADA5A8}.Debug|Any CPU.ActiveCfg = Debug|Any CPU
		{FAA1E11D-3591-4B96-95A6-41801EADA5A8}.Debug|Any CPU.Build.0 = Debug|Any CPU
		{FAA1E11D-3591-4B96-95A6-41801EADA5A8}.Release|Any CPU.ActiveCfg = Release|Any CPU
		{FAA1E11D-3591-4B96-95A6-41801EADA5A8}.Release|Any CPU.Build.0 = Release|Any CPU
	EndGlobalSection
	GlobalSection(SolutionProperties) = preSolution
		HideSolutionNode = FALSE
	EndGlobalSection
	GlobalSection(ExtensibilityGlobals) = postSolution
		SolutionGuid = {9233848B-7DFD-4303-9310-C283A6728D5D}
	EndGlobalSection
EndGlobal
